
Microsoft Visual Studio Solution File, Format Version 12.00
# Visual Studio Version 16
VisualStudioVersion = 16.0.30717.126
MinimumVisualStudioVersion = 10.0.40219.1
Project("{FAE04EC0-301F-11D3-BF4B-00C04F79EFBC}") = "Features", "Features\Features.csproj", "{0CD142BC-E588-44D3-AEAB-4874782E9813}"
EndProject
Global
	GlobalSection(SolutionConfigurationPlatforms) = preSolution
		Debug|Any CPU = Debug|Any CPU
		Release|Any CPU = Release|Any CPU
	EndGlobalSection
	GlobalSection(ProjectConfigurationPlatforms) = postSolution
		{0CD142BC-E588-44D3-AEAB-4874782E9813}.Debug|Any CPU.ActiveCfg = Debug|Any CPU
		{0CD142BC-E588-44D3-AEAB-4874782E9813}.Debug|Any CPU.Build.0 = Debug|Any CPU
		{0CD142BC-E588-44D3-AEAB-4874782E9813}.Release|Any CPU.ActiveCfg = Release|Any CPU
		{0CD142BC-E588-44D3-AEAB-4874782E9813}.Release|Any CPU.Build.0 = Release|Any CPU
	EndGlobalSection
	GlobalSection(SolutionProperties) = preSolution
		HideSolutionNode = FALSE
	EndGlobalSection
	GlobalSection(ExtensibilityGlobals) = postSolution
		SolutionGuid = {D31FEE8C-AC73-4901-8397-5736C9377A6E}
	EndGlobalSection
EndGlobal
